// !$*UTF8*$!
{
	archiveVersion = 1;
	classes = {
	};
	objectVersion = 48;
	objects = {

/* Begin PBXBuildFile section */
		5ACE57D82050BB3700845B07 /* AppDelegate.swift in Sources */ = {isa = PBXBuildFile; fileRef = 5ACE57D72050BB3700845B07 /* AppDelegate.swift */; };
		5ACE57DA2050BB3700845B07 /* ViewController.swift in Sources */ = {isa = PBXBuildFile; fileRef = 5ACE57D92050BB3700845B07 /* ViewController.swift */; };
		5ACE57DD2050BB3700845B07 /* Main.storyboard in Resources */ = {isa = PBXBuildFile; fileRef = 5ACE57DB2050BB3700845B07 /* Main.storyboard */; };
		5ACE57DF2050BB3700845B07 /* Assets.xcassets in Resources */ = {isa = PBXBuildFile; fileRef = 5ACE57DE2050BB3700845B07 /* Assets.xcassets */; };
		5ACE57E22050BB3700845B07 /* LaunchScreen.storyboard in Resources */ = {isa = PBXBuildFile; fileRef = 5ACE57E02050BB3700845B07 /* LaunchScreen.storyboard */; };
		5ACE57ED2050BB3700845B07 /* TTTTests.swift in Sources */ = {isa = PBXBuildFile; fileRef = 5ACE57EC2050BB3700845B07 /* TTTTests.swift */; };
		5ACE57F82050BB3700845B07 /* TTTUITests.swift in Sources */ = {isa = PBXBuildFile; fileRef = 5ACE57F72050BB3700845B07 /* TTTUITests.swift */; };
/* End PBXBuildFile section */

/* Begin PBXContainerItemProxy section */
		5ACE57E92050BB3700845B07 /* PBXContainerItemProxy */ = {
			isa = PBXContainerItemProxy;
			containerPortal = 5ACE57CC2050BB3700845B07 /* Project object */;
			proxyType = 1;
			remoteGlobalIDString = 5ACE57D32050BB3700845B07;
			remoteInfo = TTT;
		};
		5ACE57F42050BB3700845B07 /* PBXContainerItemProxy */ = {
			isa = PBXContainerItemProxy;
			containerPortal = 5ACE57CC2050BB3700845B07 /* Project object */;
			proxyType = 1;
			remoteGlobalIDString = 5ACE57D32050BB3700845B07;
			remoteInfo = TTT;
		};
/* End PBXContainerItemProxy section */

/* Begin PBXFileReference section */
		5ACE57D42050BB3700845B07 /* TTT.app */ = {isa = PBXFileReference; explicitFileType = wrapper.application; includeInIndex = 0; path = TTT.app; sourceTree = BUILT_PRODUCTS_DIR; };
		5ACE57D72050BB3700845B07 /* AppDelegate.swift */ = {isa = PBXFileReference; lastKnownFileType = sourcecode.swift; path = AppDelegate.swift; sourceTree = "<group>"; };
		5ACE57D92050BB3700845B07 /* ViewController.swift */ = {isa = PBXFileReference; lastKnownFileType = sourcecode.swift; path = ViewController.swift; sourceTree = "<group>"; };
		5ACE57DC2050BB3700845B07 /* Base */ = {isa = PBXFileReference; lastKnownFileType = file.storyboard; name = Base; path = Base.lproj/Main.storyboard; sourceTree = "<group>"; };
		5ACE57DE2050BB3700845B07 /* Assets.xcassets */ = {isa = PBXFileReference; lastKnownFileType = folder.assetcatalog; path = Assets.xcassets; sourceTree = "<group>"; };
		5ACE57E12050BB3700845B07 /* Base */ = {isa = PBXFileReference; lastKnownFileType = file.storyboard; name = Base; path = Base.lproj/LaunchScreen.storyboard; sourceTree = "<group>"; };
		5ACE57E32050BB3700845B07 /* Info.plist */ = {isa = PBXFileReference; lastKnownFileType = text.plist.xml; path = Info.plist; sourceTree = "<group>"; };
		5ACE57E82050BB3700845B07 /* TTTTests.xctest */ = {isa = PBXFileReference; explicitFileType = wrapper.cfbundle; includeInIndex = 0; path = TTTTests.xctest; sourceTree = BUILT_PRODUCTS_DIR; };
		5ACE57EC2050BB3700845B07 /* TTTTests.swift */ = {isa = PBXFileReference; lastKnownFileType = sourcecode.swift; path = TTTTests.swift; sourceTree = "<group>"; };
		5ACE57EE2050BB3700845B07 /* Info.plist */ = {isa = PBXFileReference; lastKnownFileType = text.plist.xml; path = Info.plist; sourceTree = "<group>"; };
		5ACE57F32050BB3700845B07 /* TTTUITests.xctest */ = {isa = PBXFileReference; explicitFileType = wrapper.cfbundle; includeInIndex = 0; path = TTTUITests.xctest; sourceTree = BUILT_PRODUCTS_DIR; };
		5ACE57F72050BB3700845B07 /* TTTUITests.swift */ = {isa = PBXFileReference; lastKnownFileType = sourcecode.swift; path = TTTUITests.swift; sourceTree = "<group>"; };
		5ACE57F92050BB3700845B07 /* Info.plist */ = {isa = PBXFileReference; lastKnownFileType = text.plist.xml; path = Info.plist; sourceTree = "<group>"; };
/* End PBXFileReference section */

/* Begin PBXFrameworksBuildPhase section */
		5ACE57D12050BB3700845B07 /* Frameworks */ = {
			isa = PBXFrameworksBuildPhase;
			buildActionMask = 2147483647;
			files = (
			);
			runOnlyForDeploymentPostprocessing = 0;
		};
		5ACE57E52050BB3700845B07 /* Frameworks */ = {
			isa = PBXFrameworksBuildPhase;
			buildActionMask = 2147483647;
			files = (
			);
			runOnlyForDeploymentPostprocessing = 0;
		};
		5ACE57F02050BB3700845B07 /* Frameworks */ = {
			isa = PBXFrameworksBuildPhase;
			buildActionMask = 2147483647;
			files = (
			);
			runOnlyForDeploymentPostprocessing = 0;
		};
/* End PBXFrameworksBuildPhase section */

/* Begin PBXGroup section */
		5ACE57CB2050BB3700845B07 = {
			isa = PBXGroup;
			children = (
				5ACE57D62050BB3700845B07 /* TTT */,
				5ACE57EB2050BB3700845B07 /* TTTTests */,
				5ACE57F62050BB3700845B07 /* TTTUITests */,
				5ACE57D52050BB3700845B07 /* Products */,
			);
			sourceTree = "<group>";
		};
		5ACE57D52050BB3700845B07 /* Products */ = {
			isa = PBXGroup;
			children = (
				5ACE57D42050BB3700845B07 /* TTT.app */,
				5ACE57E82050BB3700845B07 /* TTTTests.xctest */,
				5ACE57F32050BB3700845B07 /* TTTUITests.xctest */,
			);
			name = Products;
			sourceTree = "<group>";
		};
		5ACE57D62050BB3700845B07 /* TTT */ = {
			isa = PBXGroup;
			children = (
				5ACE57D72050BB3700845B07 /* AppDelegate.swift */,
				5ACE57D92050BB3700845B07 /* ViewController.swift */,
				5ACE57DB2050BB3700845B07 /* Main.storyboard */,
				5ACE57DE2050BB3700845B07 /* Assets.xcassets */,
				5ACE57E02050BB3700845B07 /* LaunchScreen.storyboard */,
				5ACE57E32050BB3700845B07 /* Info.plist */,
			);
			path = TTT;
			sourceTree = "<group>";
		};
		5ACE57EB2050BB3700845B07 /* TTTTests */ = {
			isa = PBXGroup;
			children = (
				5ACE57EC2050BB3700845B07 /* TTTTests.swift */,
				5ACE57EE2050BB3700845B07 /* Info.plist */,
			);
			path = TTTTests;
			sourceTree = "<group>";
		};
		5ACE57F62050BB3700845B07 /* TTTUITests */ = {
			isa = PBXGroup;
			children = (
				5ACE57F72050BB3700845B07 /* TTTUITests.swift */,
				5ACE57F92050BB3700845B07 /* Info.plist */,
			);
			path = TTTUITests;
			sourceTree = "<group>";
		};
/* End PBXGroup section */

/* Begin PBXNativeTarget section */
		5ACE57D32050BB3700845B07 /* TTT */ = {
			isa = PBXNativeTarget;
			buildConfigurationList = 5ACE57FC2050BB3700845B07 /* Build configuration list for PBXNativeTarget "TTT" */;
			buildPhases = (
				5ACE57D02050BB3700845B07 /* Sources */,
				5ACE57D12050BB3700845B07 /* Frameworks */,
				5ACE57D22050BB3700845B07 /* Resources */,
			);
			buildRules = (
			);
			dependencies = (
			);
			name = TTT;
			productName = TTT;
			productReference = 5ACE57D42050BB3700845B07 /* TTT.app */;
			productType = "com.apple.product-type.application";
		};
		5ACE57E72050BB3700845B07 /* TTTTests */ = {
			isa = PBXNativeTarget;
			buildConfigurationList = 5ACE57FF2050BB3700845B07 /* Build configuration list for PBXNativeTarget "TTTTests" */;
			buildPhases = (
				5ACE57E42050BB3700845B07 /* Sources */,
				5ACE57E52050BB3700845B07 /* Frameworks */,
				5ACE57E62050BB3700845B07 /* Resources */,
			);
			buildRules = (
			);
			dependencies = (
				5ACE57EA2050BB3700845B07 /* PBXTargetDependency */,
			);
			name = TTTTests;
			productName = TTTTests;
			productReference = 5ACE57E82050BB3700845B07 /* TTTTests.xctest */;
			productType = "com.apple.product-type.bundle.unit-test";
		};
		5ACE57F22050BB3700845B07 /* TTTUITests */ = {
			isa = PBXNativeTarget;
			buildConfigurationList = 5ACE58022050BB3700845B07 /* Build configuration list for PBXNativeTarget "TTTUITests" */;
			buildPhases = (
				5ACE57EF2050BB3700845B07 /* Sources */,
				5ACE57F02050BB3700845B07 /* Frameworks */,
				5ACE57F12050BB3700845B07 /* Resources */,
			);
			buildRules = (
			);
			dependencies = (
				5ACE57F52050BB3700845B07 /* PBXTargetDependency */,
			);
			name = TTTUITests;
			productName = TTTUITests;
			productReference = 5ACE57F32050BB3700845B07 /* TTTUITests.xctest */;
			productType = "com.apple.product-type.bundle.ui-testing";
		};
/* End PBXNativeTarget section */

/* Begin PBXProject section */
		5ACE57CC2050BB3700845B07 /* Project object */ = {
			isa = PBXProject;
			attributes = {
				LastSwiftUpdateCheck = 0920;
				LastUpgradeCheck = 0920;
				ORGANIZATIONNAME = "Maria Stezhko";
				TargetAttributes = {
					5ACE57D32050BB3700845B07 = {
						CreatedOnToolsVersion = 9.2;
						ProvisioningStyle = Automatic;
					};
					5ACE57E72050BB3700845B07 = {
						CreatedOnToolsVersion = 9.2;
						ProvisioningStyle = Automatic;
						TestTargetID = 5ACE57D32050BB3700845B07;
					};
					5ACE57F22050BB3700845B07 = {
						CreatedOnToolsVersion = 9.2;
						ProvisioningStyle = Automatic;
						TestTargetID = 5ACE57D32050BB3700845B07;
					};
				};
			};
			buildConfigurationList = 5ACE57CF2050BB3700845B07 /* Build configuration list for PBXProject "TTT" */;
			compatibilityVersion = "Xcode 8.0";
			developmentRegion = en;
			hasScannedForEncodings = 0;
			knownRegions = (
				en,
				Base,
			);
			mainGroup = 5ACE57CB2050BB3700845B07;
			productRefGroup = 5ACE57D52050BB3700845B07 /* Products */;
			projectDirPath = "";
			projectRoot = "";
			targets = (
				5ACE57D32050BB3700845B07 /* TTT */,
				5ACE57E72050BB3700845B07 /* TTTTests */,
				5ACE57F22050BB3700845B07 /* TTTUITests */,
			);
		};
/* End PBXProject section */

/* Begin PBXResourcesBuildPhase section */
		5ACE57D22050BB3700845B07 /* Resources */ = {
			isa = PBXResourcesBuildPhase;
			buildActionMask = 2147483647;
			files = (
				5ACE57E22050BB3700845B07 /* LaunchScreen.storyboard in Resources */,
				5ACE57DF2050BB3700845B07 /* Assets.xcassets in Resources */,
				5ACE57DD2050BB3700845B07 /* Main.storyboard in Resources */,
			);
			runOnlyForDeploymentPostprocessing = 0;
		};
		5ACE57E62050BB3700845B07 /* Resources */ = {
			isa = PBXResourcesBuildPhase;
			buildActionMask = 2147483647;
			files = (
			);
			runOnlyForDeploymentPostprocessing = 0;
		};
		5ACE57F12050BB3700845B07 /* Resources */ = {
			isa = PBXResourcesBuildPhase;
			buildActionMask = 2147483647;
			files = (
			);
			runOnlyForDeploymentPostprocessing = 0;
		};
/* End PBXResourcesBuildPhase section */

/* Begin PBXSourcesBuildPhase section */
		5ACE57D02050BB3700845B07 /* Sources */ = {
			isa = PBXSourcesBuildPhase;
			buildActionMask = 2147483647;
			files = (
				5ACE57DA2050BB3700845B07 /* ViewController.swift in Sources */,
				5ACE57D82050BB3700845B07 /* AppDelegate.swift in Sources */,
			);
			runOnlyForDeploymentPostprocessing = 0;
		};
		5ACE57E42050BB3700845B07 /* Sources */ = {
			isa = PBXSourcesBuildPhase;
			buildActionMask = 2147483647;
			files = (
				5ACE57ED2050BB3700845B07 /* TTTTests.swift in Sources */,
			);
			runOnlyForDeploymentPostprocessing = 0;
		};
		5ACE57EF2050BB3700845B07 /* Sources */ = {
			isa = PBXSourcesBuildPhase;
			buildActionMask = 2147483647;
			files = (
				5ACE57F82050BB3700845B07 /* TTTUITests.swift in Sources */,
			);
			runOnlyForDeploymentPostprocessing = 0;
		};
/* End PBXSourcesBuildPhase section */

/* Begin PBXTargetDependency section */
		5ACE57EA2050BB3700845B07 /* PBXTargetDependency */ = {
			isa = PBXTargetDependency;
			target = 5ACE57D32050BB3700845B07 /* TTT */;
			targetProxy = 5ACE57E92050BB3700845B07 /* PBXContainerItemProxy */;
		};
		5ACE57F52050BB3700845B07 /* PBXTargetDependency */ = {
			isa = PBXTargetDependency;
			target = 5ACE57D32050BB3700845B07 /* TTT */;
			targetProxy = 5ACE57F42050BB3700845B07 /* PBXContainerItemProxy */;
		};
/* End PBXTargetDependency section */

/* Begin PBXVariantGroup section */
		5ACE57DB2050BB3700845B07 /* Main.storyboard */ = {
			isa = PBXVariantGroup;
			children = (
				5ACE57DC2050BB3700845B07 /* Base */,
			);
			name = Main.storyboard;
			sourceTree = "<group>";
		};
		5ACE57E02050BB3700845B07 /* LaunchScreen.storyboard */ = {
			isa = PBXVariantGroup;
			children = (
				5ACE57E12050BB3700845B07 /* Base */,
			);
			name = LaunchScreen.storyboard;
			sourceTree = "<group>";
		};
/* End PBXVariantGroup section */

/* Begin XCBuildConfiguration section */
		5ACE57FA2050BB3700845B07 /* Debug */ = {
			isa = XCBuildConfiguration;
			buildSettings = {
				ALWAYS_SEARCH_USER_PATHS = NO;
				CLANG_ANALYZER_NONNULL = YES;
				CLANG_ANALYZER_NUMBER_OBJECT_CONVERSION = YES_AGGRESSIVE;
				CLANG_CXX_LANGUAGE_STANDARD = "gnu++14";
				CLANG_CXX_LIBRARY = "libc++";
				CLANG_ENABLE_MODULES = YES;
				CLANG_ENABLE_OBJC_ARC = YES;
				CLANG_WARN_BLOCK_CAPTURE_AUTORELEASING = YES;
				CLANG_WARN_BOOL_CONVERSION = YES;
				CLANG_WARN_COMMA = YES;
				CLANG_WARN_CONSTANT_CONVERSION = YES;
				CLANG_WARN_DIRECT_OBJC_ISA_USAGE = YES_ERROR;
				CLANG_WARN_DOCUMENTATION_COMMENTS = YES;
				CLANG_WARN_EMPTY_BODY = YES;
				CLANG_WARN_ENUM_CONVERSION = YES;
				CLANG_WARN_INFINITE_RECURSION = YES;
				CLANG_WARN_INT_CONVERSION = YES;
				CLANG_WARN_NON_LITERAL_NULL_CONVERSION = YES;
				CLANG_WARN_OBJC_LITERAL_CONVERSION = YES;
				CLANG_WARN_OBJC_ROOT_CLASS = YES_ERROR;
				CLANG_WARN_RANGE_LOOP_ANALYSIS = YES;
				CLANG_WARN_STRICT_PROTOTYPES = YES;
				CLANG_WARN_SUSPICIOUS_MOVE = YES;
				CLANG_WARN_UNGUARDED_AVAILABILITY = YES_AGGRESSIVE;
				CLANG_WARN_UNREACHABLE_CODE = YES;
				CLANG_WARN__DUPLICATE_METHOD_MATCH = YES;
				CODE_SIGN_IDENTITY = "iPhone Developer";
				COPY_PHASE_STRIP = NO;
				DEBUG_INFORMATION_FORMAT = dwarf;
				ENABLE_STRICT_OBJC_MSGSEND = YES;
				ENABLE_TESTABILITY = YES;
				GCC_C_LANGUAGE_STANDARD = gnu11;
				GCC_DYNAMIC_NO_PIC = NO;
				GCC_NO_COMMON_BLOCKS = YES;
				GCC_OPTIMIZATION_LEVEL = 0;
				GCC_PREPROCESSOR_DEFINITIONS = (
					"DEBUG=1",
					"$(inherited)",
				);
				GCC_WARN_64_TO_32_BIT_CONVERSION = YES;
				GCC_WARN_ABOUT_RETURN_TYPE = YES_ERROR;
				GCC_WARN_UNDECLARED_SELECTOR = YES;
				GCC_WARN_UNINITIALIZED_AUTOS = YES_AGGRESSIVE;
				GCC_WARN_UNUSED_FUNCTION = YES;
				GCC_WARN_UNUSED_VARIABLE = YES;
				IPHONEOS_DEPLOYMENT_TARGET = 11.2;
				MTL_ENABLE_DEBUG_INFO = YES;
				ONLY_ACTIVE_ARCH = YES;
				SDKROOT = iphoneos;
				SWIFT_ACTIVE_COMPILATION_CONDITIONS = DEBUG;
				SWIFT_OPTIMIZATION_LEVEL = "-Onone";
			};
			name = Debug;
		};
		5ACE57FB2050BB3700845B07 /* Release */ = {
			isa = XCBuildConfiguration;
			buildSettings = {
				ALWAYS_SEARCH_USER_PATHS = NO;
				CLANG_ANALYZER_NONNULL = YES;
				CLANG_ANALYZER_NUMBER_OBJECT_CONVERSION = YES_AGGRESSIVE;
				CLANG_CXX_LANGUAGE_STANDARD = "gnu++14";
				CLANG_CXX_LIBRARY = "libc++";
				CLANG_ENABLE_MODULES = YES;
				CLANG_ENABLE_OBJC_ARC = YES;
				CLANG_WARN_BLOCK_CAPTURE_AUTORELEASING = YES;
				CLANG_WARN_BOOL_CONVERSION = YES;
				CLANG_WARN_COMMA = YES;
				CLANG_WARN_CONSTANT_CONVERSION = YES;
				CLANG_WARN_DIRECT_OBJC_ISA_USAGE = YES_ERROR;
				CLANG_WARN_DOCUMENTATION_COMMENTS = YES;
				CLANG_WARN_EMPTY_BODY = YES;
				CLANG_WARN_ENUM_CONVERSION = YES;
				CLANG_WARN_INFINITE_RECURSION = YES;
				CLANG_WARN_INT_CONVERSION = YES;
				CLANG_WARN_NON_LITERAL_NULL_CONVERSION = YES;
				CLANG_WARN_OBJC_LITERAL_CONVERSION = YES;
				CLANG_WARN_OBJC_ROOT_CLASS = YES_ERROR;
				CLANG_WARN_RANGE_LOOP_ANALYSIS = YES;
				CLANG_WARN_STRICT_PROTOTYPES = YES;
				CLANG_WARN_SUSPICIOUS_MOVE = YES;
				CLANG_WARN_UNGUARDED_AVAILABILITY = YES_AGGRESSIVE;
				CLANG_WARN_UNREACHABLE_CODE = YES;
				CLANG_WARN__DUPLICATE_METHOD_MATCH = YES;
				CODE_SIGN_IDENTITY = "iPhone Developer";
				COPY_PHASE_STRIP = NO;
				DEBUG_INFORMATION_FORMAT = "dwarf-with-dsym";
				ENABLE_NS_ASSERTIONS = NO;
				ENABLE_STRICT_OBJC_MSGSEND = YES;
				GCC_C_LANGUAGE_STANDARD = gnu11;
				GCC_NO_COMMON_BLOCKS = YES;
				GCC_WARN_64_TO_32_BIT_CONVERSION = YES;
				GCC_WARN_ABOUT_RETURN_TYPE = YES_ERROR;
				GCC_WARN_UNDECLARED_SELECTOR = YES;
				GCC_WARN_UNINITIALIZED_AUTOS = YES_AGGRESSIVE;
				GCC_WARN_UNUSED_FUNCTION = YES;
				GCC_WARN_UNUSED_VARIABLE = YES;
				IPHONEOS_DEPLOYMENT_TARGET = 11.2;
				MTL_ENABLE_DEBUG_INFO = NO;
				SDKROOT = iphoneos;
				SWIFT_OPTIMIZATION_LEVEL = "-Owholemodule";
				VALIDATE_PRODUCT = YES;
			};
			name = Release;
		};
		5ACE57FD2050BB3700845B07 /* Debug */ = {
			isa = XCBuildConfiguration;
			buildSettings = {
				ASSETCATALOG_COMPILER_APPICON_NAME = AppIcon;
				CODE_SIGN_STYLE = Automatic;
				INFOPLIST_FILE = TTT/Info.plist;
				LD_RUNPATH_SEARCH_PATHS = "$(inherited) @executable_path/Frameworks";
				PRODUCT_BUNDLE_IDENTIFIER = com.codingdojo.TTT;
				PRODUCT_NAME = "$(TARGET_NAME)";
				SWIFT_VERSION = 4.0;
				TARGETED_DEVICE_FAMILY = "1,2";
			};
			name = Debug;
		};
		5ACE57FE2050BB3700845B07 /* Release */ = {
			isa = XCBuildConfiguration;
			buildSettings = {
				ASSETCATALOG_COMPILER_APPICON_NAME = AppIcon;
				CODE_SIGN_STYLE = Automatic;
				INFOPLIST_FILE = TTT/Info.plist;
				LD_RUNPATH_SEARCH_PATHS = "$(inherited) @executable_path/Frameworks";
				PRODUCT_BUNDLE_IDENTIFIER = com.codingdojo.TTT;
				PRODUCT_NAME = "$(TARGET_NAME)";
				SWIFT_VERSION = 4.0;
				TARGETED_DEVICE_FAMILY = "1,2";
			};
			name = Release;
		};
		5ACE58002050BB3700845B07 /* Debug */ = {
			isa = XCBuildConfiguration;
			buildSettings = {
				ALWAYS_EMBED_SWIFT_STANDARD_LIBRARIES = YES;
				BUNDLE_LOADER = "$(TEST_HOST)";
				CODE_SIGN_STYLE = Automatic;
				INFOPLIST_FILE = TTTTests/Info.plist;
				LD_RUNPATH_SEARCH_PATHS = "$(inherited) @executable_path/Frameworks @loader_path/Frameworks";
				PRODUCT_BUNDLE_IDENTIFIER = com.codingdojo.TTTTests;
				PRODUCT_NAME = "$(TARGET_NAME)";
				SWIFT_VERSION = 4.0;
				TARGETED_DEVICE_FAMILY = "1,2";
				TEST_HOST = "$(BUILT_PRODUCTS_DIR)/TTT.app/TTT";
			};
			name = Debug;
		};
		5ACE58012050BB3700845B07 /* Release */ = {
			isa = XCBuildConfiguration;
			buildSettings = {
				ALWAYS_EMBED_SWIFT_STANDARD_LIBRARIES = YES;
				BUNDLE_LOADER = "$(TEST_HOST)";
				CODE_SIGN_STYLE = Automatic;
				INFOPLIST_FILE = TTTTests/Info.plist;
				LD_RUNPATH_SEARCH_PATHS = "$(inherited) @executable_path/Frameworks @loader_path/Frameworks";
				PRODUCT_BUNDLE_IDENTIFIER = com.codingdojo.TTTTests;
				PRODUCT_NAME = "$(TARGET_NAME)";
				SWIFT_VERSION = 4.0;
				TARGETED_DEVICE_FAMILY = "1,2";
				TEST_HOST = "$(BUILT_PRODUCTS_DIR)/TTT.app/TTT";
			};
			name = Release;
		};
		5ACE58032050BB3700845B07 /* Debug */ = {
			isa = XCBuildConfiguration;
			buildSettings = {
				ALWAYS_EMBED_SWIFT_STANDARD_LIBRARIES = YES;
				CODE_SIGN_STYLE = Automatic;
				INFOPLIST_FILE = TTTUITests/Info.plist;
				LD_RUNPATH_SEARCH_PATHS = "$(inherited) @executable_path/Frameworks @loader_path/Frameworks";
				PRODUCT_BUNDLE_IDENTIFIER = com.codingdojo.TTTUITests;
				PRODUCT_NAME = "$(TARGET_NAME)";
				SWIFT_VERSION = 4.0;
				TARGETED_DEVICE_FAMILY = "1,2";
				TEST_TARGET_NAME = TTT;
			};
			name = Debug;
		};
		5ACE58042050BB3700845B07 /* Release */ = {
			isa = XCBuildConfiguration;
			buildSettings = {
				ALWAYS_EMBED_SWIFT_STANDARD_LIBRARIES = YES;
				CODE_SIGN_STYLE = Automatic;
				INFOPLIST_FILE = TTTUITests/Info.plist;
				LD_RUNPATH_SEARCH_PATHS = "$(inherited) @executable_path/Frameworks @loader_path/Frameworks";
				PRODUCT_BUNDLE_IDENTIFIER = com.codingdojo.TTTUITests;
				PRODUCT_NAME = "$(TARGET_NAME)";
				SWIFT_VERSION = 4.0;
				TARGETED_DEVICE_FAMILY = "1,2";
				TEST_TARGET_NAME = TTT;
			};
			name = Release;
		};
/* End XCBuildConfiguration section */

/* Begin XCConfigurationList section */
		5ACE57CF2050BB3700845B07 /* Build configuration list for PBXProject "TTT" */ = {
			isa = XCConfigurationList;
			buildConfigurations = (
				5ACE57FA2050BB3700845B07 /* Debug */,
				5ACE57FB2050BB3700845B07 /* Release */,
			);
			defaultConfigurationIsVisible = 0;
			defaultConfigurationName = Release;
		};
		5ACE57FC2050BB3700845B07 /* Build configuration list for PBXNativeTarget "TTT" */ = {
			isa = XCConfigurationList;
			buildConfigurations = (
				5ACE57FD2050BB3700845B07 /* Debug */,
				5ACE57FE2050BB3700845B07 /* Release */,
			);
			defaultConfigurationIsVisible = 0;
			defaultConfigurationName = Release;
		};
		5ACE57FF2050BB3700845B07 /* Build configuration list for PBXNativeTarget "TTTTests" */ = {
			isa = XCConfigurationList;
			buildConfigurations = (
				5ACE58002050BB3700845B07 /* Debug */,
				5ACE58012050BB3700845B07 /* Release */,
			);
			defaultConfigurationIsVisible = 0;
			defaultConfigurationName = Release;
		};
		5ACE58022050BB3700845B07 /* Build configuration list for PBXNativeTarget "TTTUITests" */ = {
			isa = XCConfigurationList;
			buildConfigurations = (
				5ACE58032050BB3700845B07 /* Debug */,
				5ACE58042050BB3700845B07 /* Release */,
			);
			defaultConfigurationIsVisible = 0;
			defaultConfigurationName = Release;
		};
/* End XCConfigurationList section */
	};
	rootObject = 5ACE57CC2050BB3700845B07 /* Project object */;
}
